
Microsoft Visual Studio Solution File, Format Version 12.00
# Visual Studio Version 16
VisualStudioVersion = 16.0.30804.86
MinimumVisualStudioVersion = 10.0.40219.1
Project("{FAE04EC0-301F-11D3-BF4B-00C04F79EFBC}") = "Website", "src\Website\Website.csproj", "{8856080F-F31B-432E-90C7-9DA8C0FE88BB}"
EndProject
Project("{FAE04EC0-301F-11D3-BF4B-00C04F79EFBC}") = "Sentimenteel.Tests", "src\Sentimenteel.Tests\Sentimenteel.Tests.csproj", "{29E1173C-E652-40C1-B756-D87A4662BE4D}"
EndProject
Project("{FAE04EC0-301F-11D3-BF4B-00C04F79EFBC}") = "Database", "Database\Database.csproj", "{B1C3430F-B566-4D1C-AB98-284C6B2EFB04}"
EndProject
Global
	GlobalSection(SolutionConfigurationPlatforms) = preSolution
		Debug|Any CPU = Debug|Any CPU
		Debug|x64 = Debug|x64
		Release|Any CPU = Release|Any CPU
		Release|x64 = Release|x64
	EndGlobalSection
	GlobalSection(ProjectConfigurationPlatforms) = postSolution
		{8856080F-F31B-432E-90C7-9DA8C0FE88BB}.Debug|Any CPU.ActiveCfg = Debug|Any CPU
		{8856080F-F31B-432E-90C7-9DA8C0FE88BB}.Debug|Any CPU.Build.0 = Debug|Any CPU
		{8856080F-F31B-432E-90C7-9DA8C0FE88BB}.Debug|x64.ActiveCfg = Debug|x64
		{8856080F-F31B-432E-90C7-9DA8C0FE88BB}.Debug|x64.Build.0 = Debug|x64
		{8856080F-F31B-432E-90C7-9DA8C0FE88BB}.Release|Any CPU.ActiveCfg = Release|Any CPU
		{8856080F-F31B-432E-90C7-9DA8C0FE88BB}.Release|Any CPU.Build.0 = Release|Any CPU
		{8856080F-F31B-432E-90C7-9DA8C0FE88BB}.Release|x64.ActiveCfg = Release|x64
		{8856080F-F31B-432E-90C7-9DA8C0FE88BB}.Release|x64.Build.0 = Release|x64
		{29E1173C-E652-40C1-B756-D87A4662BE4D}.Debug|Any CPU.ActiveCfg = Debug|Any CPU
		{29E1173C-E652-40C1-B756-D87A4662BE4D}.Debug|Any CPU.Build.0 = Debug|Any CPU
		{29E1173C-E652-40C1-B756-D87A4662BE4D}.Debug|x64.ActiveCfg = Debug|x64
		{29E1173C-E652-40C1-B756-D87A4662BE4D}.Debug|x64.Build.0 = Debug|x64
		{29E1173C-E652-40C1-B756-D87A4662BE4D}.Release|Any CPU.ActiveCfg = Release|Any CPU
		{29E1173C-E652-40C1-B756-D87A4662BE4D}.Release|Any CPU.Build.0 = Release|Any CPU
		{29E1173C-E652-40C1-B756-D87A4662BE4D}.Release|x64.ActiveCfg = Release|x64
		{29E1173C-E652-40C1-B756-D87A4662BE4D}.Release|x64.Build.0 = Release|x64
		{B1C3430F-B566-4D1C-AB98-284C6B2EFB04}.Debug|Any CPU.ActiveCfg = Debug|Any CPU
		{B1C3430F-B566-4D1C-AB98-284C6B2EFB04}.Debug|Any CPU.Build.0 = Debug|Any CPU
		{B1C3430F-B566-4D1C-AB98-284C6B2EFB04}.Debug|x64.ActiveCfg = Debug|Any CPU
		{B1C3430F-B566-4D1C-AB98-284C6B2EFB04}.Debug|x64.Build.0 = Debug|Any CPU
		{B1C3430F-B566-4D1C-AB98-284C6B2EFB04}.Release|Any CPU.ActiveCfg = Release|Any CPU
		{B1C3430F-B566-4D1C-AB98-284C6B2EFB04}.Release|Any CPU.Build.0 = Release|Any CPU
		{B1C3430F-B566-4D1C-AB98-284C6B2EFB04}.Release|x64.ActiveCfg = Release|Any CPU
		{B1C3430F-B566-4D1C-AB98-284C6B2EFB04}.Release|x64.Build.0 = Release|Any CPU
	EndGlobalSection
	GlobalSection(SolutionProperties) = preSolution
		HideSolutionNode = FALSE
	EndGlobalSection
	GlobalSection(ExtensibilityGlobals) = postSolution
		SolutionGuid = {A6CF488A-872F-40E7-A6B2-3ECEF52D791F}
	EndGlobalSection
EndGlobal
